{
  "name": "InstallPackage",
  "lockfileVersion": 2,
  "requires": true,
  "packages": {
    "": {
      "dependencies": {
        "mat": "file:../NodeARQ/Node.01"
      }
    },
    "../NodeARQ/Node.01": {
      "version": "1.0.0",
      "license": "ISC"
    },
    "node_modules/mat": {
      "resolved": "../NodeARQ/Node.01",
      "link": true
    }
  },
  "dependencies": {
    "mat": {
      "version": "file:../NodeARQ/Node.01"
    }
  }
}
